// !$*UTF8*$!
{
	archiveVersion = 1;
	classes = {
	};
	objectVersion = 55;
	objects = {

/* Begin PBXBuildFile section */
		0957120727D3A48900FED3FA /* HomeScreen.swift in Sources */ = {isa = PBXBuildFile; fileRef = 0957120627D3A48900FED3FA /* HomeScreen.swift */; };
		0957120927D3D1F500FED3FA /* AdminView.swift in Sources */ = {isa = PBXBuildFile; fileRef = 0957120827D3D1F500FED3FA /* AdminView.swift */; };
		0957120B27D3D81500FED3FA /* KeyBoardHandler.swift in Sources */ = {isa = PBXBuildFile; fileRef = 0957120A27D3D81500FED3FA /* KeyBoardHandler.swift */; };
		0985E84527CFB9A2000F8ACC /* SoundManager.swift in Sources */ = {isa = PBXBuildFile; fileRef = 0985E84427CFB9A2000F8ACC /* SoundManager.swift */; };
		0985E84827CFBBE2000F8ACC /* ding.mp3 in Resources */ = {isa = PBXBuildFile; fileRef = 0985E84727CFBBE2000F8ACC /* ding.mp3 */; };
		0985E84A27CFE299000F8ACC /* InfoView.swift in Sources */ = {isa = PBXBuildFile; fileRef = 0985E84927CFE299000F8ACC /* InfoView.swift */; };
		0996CDCD27C8FF5200B0DA51 /* RoadAssistantApp.swift in Sources */ = {isa = PBXBuildFile; fileRef = 0996CDCC27C8FF5200B0DA51 /* RoadAssistantApp.swift */; };
		0996CDD127C8FF5300B0DA51 /* Assets.xcassets in Resources */ = {isa = PBXBuildFile; fileRef = 0996CDD027C8FF5300B0DA51 /* Assets.xcassets */; };
		0996CDD427C8FF5300B0DA51 /* Preview Assets.xcassets in Resources */ = {isa = PBXBuildFile; fileRef = 0996CDD327C8FF5300B0DA51 /* Preview Assets.xcassets */; };
		0996CDDF27C9005D00B0DA51 /* Location.swift in Sources */ = {isa = PBXBuildFile; fileRef = 0996CDDE27C9005C00B0DA51 /* Location.swift */; };
		0996CDE127C9009D00B0DA51 /* LocationsDataService.swift in Sources */ = {isa = PBXBuildFile; fileRef = 0996CDE027C9009D00B0DA51 /* LocationsDataService.swift */; };
		0996CDE327C900F800B0DA51 /* LocationViewModel.swift in Sources */ = {isa = PBXBuildFile; fileRef = 0996CDE227C900F800B0DA51 /* LocationViewModel.swift */; };
		0996CDE527C9012B00B0DA51 /* LocationView.swift in Sources */ = {isa = PBXBuildFile; fileRef = 0996CDE427C9012B00B0DA51 /* LocationView.swift */; };
		0996CDE727C9015E00B0DA51 /* LocationDetailView.swift in Sources */ = {isa = PBXBuildFile; fileRef = 0996CDE627C9015E00B0DA51 /* LocationDetailView.swift */; };
		0996CDE927C9018400B0DA51 /* LocationsListView.swift in Sources */ = {isa = PBXBuildFile; fileRef = 0996CDE827C9018400B0DA51 /* LocationsListView.swift */; };
		0996CDEB27C901B000B0DA51 /* LocationPerviewView.swift in Sources */ = {isa = PBXBuildFile; fileRef = 0996CDEA27C901B000B0DA51 /* LocationPerviewView.swift */; };
		0996CDED27C901D500B0DA51 /* AnnotationView.swift in Sources */ = {isa = PBXBuildFile; fileRef = 0996CDEC27C901D500B0DA51 /* AnnotationView.swift */; };
		0996CDF127C925DA00B0DA51 /* CameraView.swift in Sources */ = {isa = PBXBuildFile; fileRef = 0996CDF027C925DA00B0DA51 /* CameraView.swift */; };
		0996CDF327C928BA00B0DA51 /* Picker.swift in Sources */ = {isa = PBXBuildFile; fileRef = 0996CDF227C928BA00B0DA51 /* Picker.swift */; };
		0996CDF627C92D2D00B0DA51 /* ImagePicker.swift in Sources */ = {isa = PBXBuildFile; fileRef = 0996CDF527C92D2D00B0DA51 /* ImagePicker.swift */; };
		0996CDF827C92D7200B0DA51 /* ZoomableScrollView.swift in Sources */ = {isa = PBXBuildFile; fileRef = 0996CDF727C92D7200B0DA51 /* ZoomableScrollView.swift */; };
		099E6E4127CC0DF900877758 /* MyImage.swift in Sources */ = {isa = PBXBuildFile; fileRef = 099E6E4027CC0DF800877758 /* MyImage.swift */; };
		099E6E4427CC0E8100877758 /* FileManager.swift in Sources */ = {isa = PBXBuildFile; fileRef = 099E6E4327CC0E8100877758 /* FileManager.swift */; };
		099E6E4627CC0F1100877758 /* MyImagesError.swift in Sources */ = {isa = PBXBuildFile; fileRef = 099E6E4527CC0F1100877758 /* MyImagesError.swift */; };
		099E6E4827CC118800877758 /* CameraButtonView.swift in Sources */ = {isa = PBXBuildFile; fileRef = 099E6E4727CC118800877758 /* CameraButtonView.swift */; };
		09EE61AB27D56B2A002E53FF /* AdminAllDefectsView.swift in Sources */ = {isa = PBXBuildFile; fileRef = 09EE61AA27D56B2A002E53FF /* AdminAllDefectsView.swift */; };
		09F3705327D7AFB400D8FCFD /* AllReportsView.swift in Sources */ = {isa = PBXBuildFile; fileRef = 09F3705227D7AFB300D8FCFD /* AllReportsView.swift */; };
/* End PBXBuildFile section */

/* Begin PBXFileReference section */
		0957120627D3A48900FED3FA /* HomeScreen.swift */ = {isa = PBXFileReference; lastKnownFileType = sourcecode.swift; path = HomeScreen.swift; sourceTree = "<group>"; };
		0957120827D3D1F500FED3FA /* AdminView.swift */ = {isa = PBXFileReference; lastKnownFileType = sourcecode.swift; path = AdminView.swift; sourceTree = "<group>"; };
		0957120A27D3D81500FED3FA /* KeyBoardHandler.swift */ = {isa = PBXFileReference; lastKnownFileType = sourcecode.swift; path = KeyBoardHandler.swift; sourceTree = "<group>"; };
		0985E84427CFB9A2000F8ACC /* SoundManager.swift */ = {isa = PBXFileReference; lastKnownFileType = sourcecode.swift; path = SoundManager.swift; sourceTree = "<group>"; };
		0985E84727CFBBE2000F8ACC /* ding.mp3 */ = {isa = PBXFileReference; lastKnownFileType = audio.mp3; path = ding.mp3; sourceTree = "<group>"; };
		0985E84927CFE299000F8ACC /* InfoView.swift */ = {isa = PBXFileReference; lastKnownFileType = sourcecode.swift; path = InfoView.swift; sourceTree = "<group>"; };
		0996CDC927C8FF5200B0DA51 /* RoadAssistant.app */ = {isa = PBXFileReference; explicitFileType = wrapper.application; includeInIndex = 0; path = RoadAssistant.app; sourceTree = BUILT_PRODUCTS_DIR; };
		0996CDCC27C8FF5200B0DA51 /* RoadAssistantApp.swift */ = {isa = PBXFileReference; lastKnownFileType = sourcecode.swift; path = RoadAssistantApp.swift; sourceTree = "<group>"; };
		0996CDD027C8FF5300B0DA51 /* Assets.xcassets */ = {isa = PBXFileReference; lastKnownFileType = folder.assetcatalog; path = Assets.xcassets; sourceTree = "<group>"; };
		0996CDD327C8FF5300B0DA51 /* Preview Assets.xcassets */ = {isa = PBXFileReference; lastKnownFileType = folder.assetcatalog; path = "Preview Assets.xcassets"; sourceTree = "<group>"; };
		0996CDDE27C9005C00B0DA51 /* Location.swift */ = {isa = PBXFileReference; lastKnownFileType = sourcecode.swift; path = Location.swift; sourceTree = "<group>"; };
		0996CDE027C9009D00B0DA51 /* LocationsDataService.swift */ = {isa = PBXFileReference; lastKnownFileType = sourcecode.swift; path = LocationsDataService.swift; sourceTree = "<group>"; };
		0996CDE227C900F800B0DA51 /* LocationViewModel.swift */ = {isa = PBXFileReference; lastKnownFileType = sourcecode.swift; path = LocationViewModel.swift; sourceTree = "<group>"; };
		0996CDE427C9012B00B0DA51 /* LocationView.swift */ = {isa = PBXFileReference; lastKnownFileType = sourcecode.swift; path = LocationView.swift; sourceTree = "<group>"; };
		0996CDE627C9015E00B0DA51 /* LocationDetailView.swift */ = {isa = PBXFileReference; lastKnownFileType = sourcecode.swift; path = LocationDetailView.swift; sourceTree = "<group>"; };
		0996CDE827C9018400B0DA51 /* LocationsListView.swift */ = {isa = PBXFileReference; lastKnownFileType = sourcecode.swift; path = LocationsListView.swift; sourceTree = "<group>"; };
		0996CDEA27C901B000B0DA51 /* LocationPerviewView.swift */ = {isa = PBXFileReference; lastKnownFileType = sourcecode.swift; path = LocationPerviewView.swift; sourceTree = "<group>"; };
		0996CDEC27C901D500B0DA51 /* AnnotationView.swift */ = {isa = PBXFileReference; lastKnownFileType = sourcecode.swift; path = AnnotationView.swift; sourceTree = "<group>"; };
		0996CDF027C925DA00B0DA51 /* CameraView.swift */ = {isa = PBXFileReference; lastKnownFileType = sourcecode.swift; path = CameraView.swift; sourceTree = "<group>"; };
		0996CDF227C928BA00B0DA51 /* Picker.swift */ = {isa = PBXFileReference; lastKnownFileType = sourcecode.swift; path = Picker.swift; sourceTree = "<group>"; };
		0996CDF527C92D2D00B0DA51 /* ImagePicker.swift */ = {isa = PBXFileReference; lastKnownFileType = sourcecode.swift; path = ImagePicker.swift; sourceTree = "<group>"; };
		0996CDF727C92D7200B0DA51 /* ZoomableScrollView.swift */ = {isa = PBXFileReference; lastKnownFileType = sourcecode.swift; path = ZoomableScrollView.swift; sourceTree = "<group>"; };
		099E6E4027CC0DF800877758 /* MyImage.swift */ = {isa = PBXFileReference; lastKnownFileType = sourcecode.swift; path = MyImage.swift; sourceTree = "<group>"; };
		099E6E4327CC0E8100877758 /* FileManager.swift */ = {isa = PBXFileReference; lastKnownFileType = sourcecode.swift; path = FileManager.swift; sourceTree = "<group>"; };
		099E6E4527CC0F1100877758 /* MyImagesError.swift */ = {isa = PBXFileReference; lastKnownFileType = sourcecode.swift; path = MyImagesError.swift; sourceTree = "<group>"; };
		099E6E4727CC118800877758 /* CameraButtonView.swift */ = {isa = PBXFileReference; lastKnownFileType = sourcecode.swift; path = CameraButtonView.swift; sourceTree = "<group>"; };
		09EE61AA27D56B2A002E53FF /* AdminAllDefectsView.swift */ = {isa = PBXFileReference; lastKnownFileType = sourcecode.swift; path = AdminAllDefectsView.swift; sourceTree = "<group>"; };
		09F3705227D7AFB300D8FCFD /* AllReportsView.swift */ = {isa = PBXFileReference; lastKnownFileType = sourcecode.swift; path = AllReportsView.swift; sourceTree = "<group>"; };
/* End PBXFileReference section */

/* Begin PBXFrameworksBuildPhase section */
		0996CDC627C8FF5200B0DA51 /* Frameworks */ = {
			isa = PBXFrameworksBuildPhase;
			buildActionMask = 2147483647;
			files = (
			);
			runOnlyForDeploymentPostprocessing = 0;
		};
/* End PBXFrameworksBuildPhase section */

/* Begin PBXGroup section */
		0985E84627CFBBC9000F8ACC /* Sound */ = {
			isa = PBXGroup;
			children = (
				0985E84727CFBBE2000F8ACC /* ding.mp3 */,
			);
			path = Sound;
			sourceTree = "<group>";
		};
		0996CDC027C8FF5200B0DA51 = {
			isa = PBXGroup;
			children = (
				0996CDCB27C8FF5200B0DA51 /* RoadAssistant */,
				0996CDCA27C8FF5200B0DA51 /* Products */,
			);
			sourceTree = "<group>";
		};
		0996CDCA27C8FF5200B0DA51 /* Products */ = {
			isa = PBXGroup;
			children = (
				0996CDC927C8FF5200B0DA51 /* RoadAssistant.app */,
			);
			name = Products;
			sourceTree = "<group>";
		};
		0996CDCB27C8FF5200B0DA51 /* RoadAssistant */ = {
			isa = PBXGroup;
			children = (
				0985E84627CFBBC9000F8ACC /* Sound */,
				0996CDF427C92CEA00B0DA51 /* UIViewRepresentables */,
				0996CDDD27C9003800B0DA51 /* DataServices */,
				0996CDDC27C9002B00B0DA51 /* ViewModel */,
				0996CDDB27C9002300B0DA51 /* Views */,
				0996CDDA27C9001700B0DA51 /* Models */,
				0996CDCC27C8FF5200B0DA51 /* RoadAssistantApp.swift */,
				0996CDD027C8FF5300B0DA51 /* Assets.xcassets */,
				0996CDD227C8FF5300B0DA51 /* Preview Content */,
			);
			path = RoadAssistant;
			sourceTree = "<group>";
		};
		0996CDD227C8FF5300B0DA51 /* Preview Content */ = {
			isa = PBXGroup;
			children = (
				0996CDD327C8FF5300B0DA51 /* Preview Assets.xcassets */,
			);
			path = "Preview Content";
			sourceTree = "<group>";
		};
		0996CDDA27C9001700B0DA51 /* Models */ = {
			isa = PBXGroup;
			children = (
				0996CDDE27C9005C00B0DA51 /* Location.swift */,
				0996CDF227C928BA00B0DA51 /* Picker.swift */,
				099E6E4027CC0DF800877758 /* MyImage.swift */,
				099E6E4527CC0F1100877758 /* MyImagesError.swift */,
				0957120A27D3D81500FED3FA /* KeyBoardHandler.swift */,
				099E6E4227CC0E6100877758 /* Extensions */,
				0985E84427CFB9A2000F8ACC /* SoundManager.swift */,
			);
			path = Models;
			sourceTree = "<group>";
		};
		0996CDDB27C9002300B0DA51 /* Views */ = {
			isa = PBXGroup;
			children = (
				09EE61AF27D5774B002E53FF /* LocationsViews */,
				09EE61AE27D57733002E53FF /* CameraViews */,
				09EE61AC27D576FB002E53FF /* AdminViews */,
				0985E84927CFE299000F8ACC /* InfoView.swift */,
				0957120627D3A48900FED3FA /* HomeScreen.swift */,
			);
			path = Views;
			sourceTree = "<group>";
		};
		0996CDDC27C9002B00B0DA51 /* ViewModel */ = {
			isa = PBXGroup;
			children = (
				0996CDE227C900F800B0DA51 /* LocationViewModel.swift */,
			);
			path = ViewModel;
			sourceTree = "<group>";
		};
		0996CDDD27C9003800B0DA51 /* DataServices */ = {
			isa = PBXGroup;
			children = (
				0996CDE027C9009D00B0DA51 /* LocationsDataService.swift */,
			);
			path = DataServices;
			sourceTree = "<group>";
		};
		0996CDF427C92CEA00B0DA51 /* UIViewRepresentables */ = {
			isa = PBXGroup;
			children = (
				0996CDF527C92D2D00B0DA51 /* ImagePicker.swift */,
				0996CDF727C92D7200B0DA51 /* ZoomableScrollView.swift */,
			);
			path = UIViewRepresentables;
			sourceTree = "<group>";
		};
		099E6E4227CC0E6100877758 /* Extensions */ = {
			isa = PBXGroup;
			children = (
				099E6E4327CC0E8100877758 /* FileManager.swift */,
			);
			path = Extensions;
			sourceTree = "<group>";
		};
		09EE61AC27D576FB002E53FF /* AdminViews */ = {
			isa = PBXGroup;
			children = (
				09EE61AA27D56B2A002E53FF /* AdminAllDefectsView.swift */,
				0957120827D3D1F500FED3FA /* AdminView.swift */,
				09F3705227D7AFB300D8FCFD /* AllReportsView.swift */,
			);
			path = AdminViews;
			sourceTree = "<group>";
		};
		09EE61AE27D57733002E53FF /* CameraViews */ = {
			isa = PBXGroup;
			children = (
				099E6E4727CC118800877758 /* CameraButtonView.swift */,
				0996CDF027C925DA00B0DA51 /* CameraView.swift */,
			);
			path = CameraViews;
			sourceTree = "<group>";
		};
		09EE61AF27D5774B002E53FF /* LocationsViews */ = {
			isa = PBXGroup;
			children = (
				0996CDE427C9012B00B0DA51 /* LocationView.swift */,
				0996CDE627C9015E00B0DA51 /* LocationDetailView.swift */,
				0996CDE827C9018400B0DA51 /* LocationsListView.swift */,
				0996CDEA27C901B000B0DA51 /* LocationPerviewView.swift */,
				0996CDEC27C901D500B0DA51 /* AnnotationView.swift */,
			);
			path = LocationsViews;
			sourceTree = "<group>";
		};
/* End PBXGroup section */

/* Begin PBXNativeTarget section */
		0996CDC827C8FF5200B0DA51 /* RoadAssistant */ = {
			isa = PBXNativeTarget;
			buildConfigurationList = 0996CDD727C8FF5300B0DA51 /* Build configuration list for PBXNativeTarget "RoadAssistant" */;
			buildPhases = (
				0996CDC527C8FF5200B0DA51 /* Sources */,
				0996CDC627C8FF5200B0DA51 /* Frameworks */,
				0996CDC727C8FF5200B0DA51 /* Resources */,
			);
			buildRules = (
			);
			dependencies = (
			);
			name = RoadAssistant;
			productName = RoadAssistant;
			productReference = 0996CDC927C8FF5200B0DA51 /* RoadAssistant.app */;
			productType = "com.apple.product-type.application";
		};
/* End PBXNativeTarget section */

/* Begin PBXProject section */
		0996CDC127C8FF5200B0DA51 /* Project object */ = {
			isa = PBXProject;
			attributes = {
				BuildIndependentTargetsInParallel = 1;
				LastSwiftUpdateCheck = 1320;
				LastUpgradeCheck = 1320;
				TargetAttributes = {
					0996CDC827C8FF5200B0DA51 = {
						CreatedOnToolsVersion = 13.2.1;
					};
				};
			};
			buildConfigurationList = 0996CDC427C8FF5200B0DA51 /* Build configuration list for PBXProject "RoadAssistant" */;
			compatibilityVersion = "Xcode 13.0";
			developmentRegion = en;
			hasScannedForEncodings = 0;
			knownRegions = (
				en,
				Base,
			);
			mainGroup = 0996CDC027C8FF5200B0DA51;
			productRefGroup = 0996CDCA27C8FF5200B0DA51 /* Products */;
			projectDirPath = "";
			projectRoot = "";
			targets = (
				0996CDC827C8FF5200B0DA51 /* RoadAssistant */,
			);
		};
/* End PBXProject section */

/* Begin PBXResourcesBuildPhase section */
		0996CDC727C8FF5200B0DA51 /* Resources */ = {
			isa = PBXResourcesBuildPhase;
			buildActionMask = 2147483647;
			files = (
				0996CDD427C8FF5300B0DA51 /* Preview Assets.xcassets in Resources */,
				0996CDD127C8FF5300B0DA51 /* Assets.xcassets in Resources */,
				0985E84827CFBBE2000F8ACC /* ding.mp3 in Resources */,
			);
			runOnlyForDeploymentPostprocessing = 0;
		};
/* End PBXResourcesBuildPhase section */

/* Begin PBXSourcesBuildPhase section */
		0996CDC527C8FF5200B0DA51 /* Sources */ = {
			isa = PBXSourcesBuildPhase;
			buildActionMask = 2147483647;
			files = (
				099E6E4427CC0E8100877758 /* FileManager.swift in Sources */,
				0996CDE127C9009D00B0DA51 /* LocationsDataService.swift in Sources */,
				09F3705327D7AFB400D8FCFD /* AllReportsView.swift in Sources */,
				099E6E4127CC0DF900877758 /* MyImage.swift in Sources */,
				0996CDEB27C901B000B0DA51 /* LocationPerviewView.swift in Sources */,
				099E6E4627CC0F1100877758 /* MyImagesError.swift in Sources */,
				0996CDE527C9012B00B0DA51 /* LocationView.swift in Sources */,
				0985E84A27CFE299000F8ACC /* InfoView.swift in Sources */,
				0996CDF127C925DA00B0DA51 /* CameraView.swift in Sources */,
				0957120927D3D1F500FED3FA /* AdminView.swift in Sources */,
				0996CDE727C9015E00B0DA51 /* LocationDetailView.swift in Sources */,
				0996CDDF27C9005D00B0DA51 /* Location.swift in Sources */,
				099E6E4827CC118800877758 /* CameraButtonView.swift in Sources */,
				0996CDE927C9018400B0DA51 /* LocationsListView.swift in Sources */,
				0996CDF827C92D7200B0DA51 /* ZoomableScrollView.swift in Sources */,
				09EE61AB27D56B2A002E53FF /* AdminAllDefectsView.swift in Sources */,
				0996CDED27C901D500B0DA51 /* AnnotationView.swift in Sources */,
				0996CDE327C900F800B0DA51 /* LocationViewModel.swift in Sources */,
				0996CDF627C92D2D00B0DA51 /* ImagePicker.swift in Sources */,
				0957120727D3A48900FED3FA /* HomeScreen.swift in Sources */,
				0996CDCD27C8FF5200B0DA51 /* RoadAssistantApp.swift in Sources */,
				0957120B27D3D81500FED3FA /* KeyBoardHandler.swift in Sources */,
				0996CDF327C928BA00B0DA51 /* Picker.swift in Sources */,
				0985E84527CFB9A2000F8ACC /* SoundManager.swift in Sources */,
			);
			runOnlyForDeploymentPostprocessing = 0;
		};
/* End PBXSourcesBuildPhase section */

/* Begin XCBuildConfiguration section */
		0996CDD527C8FF5300B0DA51 /* Debug */ = {
			isa = XCBuildConfiguration;
			buildSettings = {
				ALWAYS_SEARCH_USER_PATHS = NO;
				CLANG_ANALYZER_NONNULL = YES;
				CLANG_ANALYZER_NUMBER_OBJECT_CONVERSION = YES_AGGRESSIVE;
				CLANG_CXX_LANGUAGE_STANDARD = "gnu++17";
				CLANG_CXX_LIBRARY = "libc++";
				CLANG_ENABLE_MODULES = YES;
				CLANG_ENABLE_OBJC_ARC = YES;
				CLANG_ENABLE_OBJC_WEAK = YES;
				CLANG_WARN_BLOCK_CAPTURE_AUTORELEASING = YES;
				CLANG_WARN_BOOL_CONVERSION = YES;
				CLANG_WARN_COMMA = YES;
				CLANG_WARN_CONSTANT_CONVERSION = YES;
				CLANG_WARN_DEPRECATED_OBJC_IMPLEMENTATIONS = YES;
				CLANG_WARN_DIRECT_OBJC_ISA_USAGE = YES_ERROR;
				CLANG_WARN_DOCUMENTATION_COMMENTS = YES;
				CLANG_WARN_EMPTY_BODY = YES;
				CLANG_WARN_ENUM_CONVERSION = YES;
				CLANG_WARN_INFINITE_RECURSION = YES;
				CLANG_WARN_INT_CONVERSION = YES;
				CLANG_WARN_NON_LITERAL_NULL_CONVERSION = YES;
				CLANG_WARN_OBJC_IMPLICIT_RETAIN_SELF = YES;
				CLANG_WARN_OBJC_LITERAL_CONVERSION = YES;
				CLANG_WARN_OBJC_ROOT_CLASS = YES_ERROR;
				CLANG_WARN_QUOTED_INCLUDE_IN_FRAMEWORK_HEADER = YES;
				CLANG_WARN_RANGE_LOOP_ANALYSIS = YES;
				CLANG_WARN_STRICT_PROTOTYPES = YES;
				CLANG_WARN_SUSPICIOUS_MOVE = YES;
				CLANG_WARN_UNGUARDED_AVAILABILITY = YES_AGGRESSIVE;
				CLANG_WARN_UNREACHABLE_CODE = YES;
				CLANG_WARN__DUPLICATE_METHOD_MATCH = YES;
				COPY_PHASE_STRIP = NO;
				DEBUG_INFORMATION_FORMAT = dwarf;
				ENABLE_STRICT_OBJC_MSGSEND = YES;
				ENABLE_TESTABILITY = YES;
				GCC_C_LANGUAGE_STANDARD = gnu11;
				GCC_DYNAMIC_NO_PIC = NO;
				GCC_NO_COMMON_BLOCKS = YES;
				GCC_OPTIMIZATION_LEVEL = 0;
				GCC_PREPROCESSOR_DEFINITIONS = (
					"DEBUG=1",
					"$(inherited)",
				);
				GCC_WARN_64_TO_32_BIT_CONVERSION = YES;
				GCC_WARN_ABOUT_RETURN_TYPE = YES_ERROR;
				GCC_WARN_UNDECLARED_SELECTOR = YES;
				GCC_WARN_UNINITIALIZED_AUTOS = YES_AGGRESSIVE;
				GCC_WARN_UNUSED_FUNCTION = YES;
				GCC_WARN_UNUSED_VARIABLE = YES;
				IPHONEOS_DEPLOYMENT_TARGET = 15.2;
				MTL_ENABLE_DEBUG_INFO = INCLUDE_SOURCE;
				MTL_FAST_MATH = YES;
				ONLY_ACTIVE_ARCH = YES;
				SDKROOT = iphoneos;
				SWIFT_ACTIVE_COMPILATION_CONDITIONS = DEBUG;
				SWIFT_OPTIMIZATION_LEVEL = "-Onone";
			};
			name = Debug;
		};
		0996CDD627C8FF5300B0DA51 /* Release */ = {
			isa = XCBuildConfiguration;
			buildSettings = {
				ALWAYS_SEARCH_USER_PATHS = NO;
				CLANG_ANALYZER_NONNULL = YES;
				CLANG_ANALYZER_NUMBER_OBJECT_CONVERSION = YES_AGGRESSIVE;
				CLANG_CXX_LANGUAGE_STANDARD = "gnu++17";
				CLANG_CXX_LIBRARY = "libc++";
				CLANG_ENABLE_MODULES = YES;
				CLANG_ENABLE_OBJC_ARC = YES;
				CLANG_ENABLE_OBJC_WEAK = YES;
				CLANG_WARN_BLOCK_CAPTURE_AUTORELEASING = YES;
				CLANG_WARN_BOOL_CONVERSION = YES;
				CLANG_WARN_COMMA = YES;
				CLANG_WARN_CONSTANT_CONVERSION = YES;
				CLANG_WARN_DEPRECATED_OBJC_IMPLEMENTATIONS = YES;
				CLANG_WARN_DIRECT_OBJC_ISA_USAGE = YES_ERROR;
				CLANG_WARN_DOCUMENTATION_COMMENTS = YES;
				CLANG_WARN_EMPTY_BODY = YES;
				CLANG_WARN_ENUM_CONVERSION = YES;
				CLANG_WARN_INFINITE_RECURSION = YES;
				CLANG_WARN_INT_CONVERSION = YES;
				CLANG_WARN_NON_LITERAL_NULL_CONVERSION = YES;
				CLANG_WARN_OBJC_IMPLICIT_RETAIN_SELF = YES;
				CLANG_WARN_OBJC_LITERAL_CONVERSION = YES;
				CLANG_WARN_OBJC_ROOT_CLASS = YES_ERROR;
				CLANG_WARN_QUOTED_INCLUDE_IN_FRAMEWORK_HEADER = YES;
				CLANG_WARN_RANGE_LOOP_ANALYSIS = YES;
				CLANG_WARN_STRICT_PROTOTYPES = YES;
				CLANG_WARN_SUSPICIOUS_MOVE = YES;
				CLANG_WARN_UNGUARDED_AVAILABILITY = YES_AGGRESSIVE;
				CLANG_WARN_UNREACHABLE_CODE = YES;
				CLANG_WARN__DUPLICATE_METHOD_MATCH = YES;
				COPY_PHASE_STRIP = NO;
				DEBUG_INFORMATION_FORMAT = "dwarf-with-dsym";
				ENABLE_NS_ASSERTIONS = NO;
				ENABLE_STRICT_OBJC_MSGSEND = YES;
				GCC_C_LANGUAGE_STANDARD = gnu11;
				GCC_NO_COMMON_BLOCKS = YES;
				GCC_WARN_64_TO_32_BIT_CONVERSION = YES;
				GCC_WARN_ABOUT_RETURN_TYPE = YES_ERROR;
				GCC_WARN_UNDECLARED_SELECTOR = YES;
				GCC_WARN_UNINITIALIZED_AUTOS = YES_AGGRESSIVE;
				GCC_WARN_UNUSED_FUNCTION = YES;
				GCC_WARN_UNUSED_VARIABLE = YES;
				IPHONEOS_DEPLOYMENT_TARGET = 15.2;
				MTL_ENABLE_DEBUG_INFO = NO;
				MTL_FAST_MATH = YES;
				SDKROOT = iphoneos;
				SWIFT_COMPILATION_MODE = wholemodule;
				SWIFT_OPTIMIZATION_LEVEL = "-O";
				VALIDATE_PRODUCT = YES;
			};
			name = Release;
		};
		0996CDD827C8FF5300B0DA51 /* Debug */ = {
			isa = XCBuildConfiguration;
			buildSettings = {
				ASSETCATALOG_COMPILER_APPICON_NAME = AppIcon;
				ASSETCATALOG_COMPILER_GLOBAL_ACCENT_COLOR_NAME = AccentColor;
				CODE_SIGN_STYLE = Automatic;
				CURRENT_PROJECT_VERSION = 1;
				DEVELOPMENT_ASSET_PATHS = "\"RoadAssistant/Preview Content\"";
				DEVELOPMENT_TEAM = QWLH47G69C;
				ENABLE_PREVIEWS = YES;
				GENERATE_INFOPLIST_FILE = YES;
				INFOPLIST_KEY_NSCameraUsageDescription = "Would like to use camera";
				INFOPLIST_KEY_UIApplicationSceneManifest_Generation = YES;
				INFOPLIST_KEY_UIApplicationSupportsIndirectInputEvents = YES;
				INFOPLIST_KEY_UILaunchScreen_Generation = YES;
				INFOPLIST_KEY_UISupportedInterfaceOrientations_iPad = "UIInterfaceOrientationPortrait UIInterfaceOrientationPortraitUpsideDown UIInterfaceOrientationLandscapeLeft UIInterfaceOrientationLandscapeRight";
				INFOPLIST_KEY_UISupportedInterfaceOrientations_iPhone = "UIInterfaceOrientationPortrait UIInterfaceOrientationLandscapeLeft UIInterfaceOrientationLandscapeRight";
				LD_RUNPATH_SEARCH_PATHS = (
					"$(inherited)",
					"@executable_path/Frameworks",
				);
				MARKETING_VERSION = 1.0;
				PRODUCT_BUNDLE_IDENTIFIER = com.youssif.RoadAssistant;
				PRODUCT_NAME = "$(TARGET_NAME)";
				SWIFT_EMIT_LOC_STRINGS = YES;
				SWIFT_VERSION = 5.0;
				TARGETED_DEVICE_FAMILY = "1,2";
			};
			name = Debug;
		};
		0996CDD927C8FF5300B0DA51 /* Release */ = {
			isa = XCBuildConfiguration;
			buildSettings = {
				ASSETCATALOG_COMPILER_APPICON_NAME = AppIcon;
				ASSETCATALOG_COMPILER_GLOBAL_ACCENT_COLOR_NAME = AccentColor;
				CODE_SIGN_STYLE = Automatic;
				CURRENT_PROJECT_VERSION = 1;
				DEVELOPMENT_ASSET_PATHS = "\"RoadAssistant/Preview Content\"";
				DEVELOPMENT_TEAM = QWLH47G69C;
				ENABLE_PREVIEWS = YES;
				GENERATE_INFOPLIST_FILE = YES;
				INFOPLIST_KEY_NSCameraUsageDescription = "Would like to use camera";
				INFOPLIST_KEY_UIApplicationSceneManifest_Generation = YES;
				INFOPLIST_KEY_UIApplicationSupportsIndirectInputEvents = YES;
				INFOPLIST_KEY_UILaunchScreen_Generation = YES;
				INFOPLIST_KEY_UISupportedInterfaceOrientations_iPad = "UIInterfaceOrientationPortrait UIInterfaceOrientationPortraitUpsideDown UIInterfaceOrientationLandscapeLeft UIInterfaceOrientationLandscapeRight";
				INFOPLIST_KEY_UISupportedInterfaceOrientations_iPhone = "UIInterfaceOrientationPortrait UIInterfaceOrientationLandscapeLeft UIInterfaceOrientationLandscapeRight";
				LD_RUNPATH_SEARCH_PATHS = (
					"$(inherited)",
					"@executable_path/Frameworks",
				);
				MARKETING_VERSION = 1.0;
				PRODUCT_BUNDLE_IDENTIFIER = com.youssif.RoadAssistant;
				PRODUCT_NAME = "$(TARGET_NAME)";
				SWIFT_EMIT_LOC_STRINGS = YES;
				SWIFT_VERSION = 5.0;
				TARGETED_DEVICE_FAMILY = "1,2";
			};
			name = Release;
		};
/* End XCBuildConfiguration section */

/* Begin XCConfigurationList section */
		0996CDC427C8FF5200B0DA51 /* Build configuration list for PBXProject "RoadAssistant" */ = {
			isa = XCConfigurationList;
			buildConfigurations = (
				0996CDD527C8FF5300B0DA51 /* Debug */,
				0996CDD627C8FF5300B0DA51 /* Release */,
			);
			defaultConfigurationIsVisible = 0;
			defaultConfigurationName = Release;
		};
		0996CDD727C8FF5300B0DA51 /* Build configuration list for PBXNativeTarget "RoadAssistant" */ = {
			isa = XCConfigurationList;
			buildConfigurations = (
				0996CDD827C8FF5300B0DA51 /* Debug */,
				0996CDD927C8FF5300B0DA51 /* Release */,
			);
			defaultConfigurationIsVisible = 0;
			defaultConfigurationName = Release;
		};
/* End XCConfigurationList section */
	};
	rootObject = 0996CDC127C8FF5200B0DA51 /* Project object */;
}
